
Microsoft Visual Studio Solution File, Format Version 12.00
# Visual Studio Version 16
VisualStudioVersion = 16.0.30011.22
MinimumVisualStudioVersion = 10.0.40219.1
Project("{FAE04EC0-301F-11D3-BF4B-00C04F79EFBC}") = "EjemploClase11may", "EjemploClase11may\EjemploClase11may.csproj", "{76ECD87D-3822-418F-ADCB-D07C629005EB}"
EndProject
Global
	GlobalSection(SolutionConfigurationPlatforms) = preSolution
		Debug|Any CPU = Debug|Any CPU
		Release|Any CPU = Release|Any CPU
	EndGlobalSection
	GlobalSection(ProjectConfigurationPlatforms) = postSolution
		{76ECD87D-3822-418F-ADCB-D07C629005EB}.Debug|Any CPU.ActiveCfg = Debug|Any CPU
		{76ECD87D-3822-418F-ADCB-D07C629005EB}.Debug|Any CPU.Build.0 = Debug|Any CPU
		{76ECD87D-3822-418F-ADCB-D07C629005EB}.Release|Any CPU.ActiveCfg = Release|Any CPU
		{76ECD87D-3822-418F-ADCB-D07C629005EB}.Release|Any CPU.Build.0 = Release|Any CPU
	EndGlobalSection
	GlobalSection(SolutionProperties) = preSolution
		HideSolutionNode = FALSE
	EndGlobalSection
	GlobalSection(ExtensibilityGlobals) = postSolution
		SolutionGuid = {5DD8F8D9-D9AB-43BF-A634-DBA86063F3A1}
	EndGlobalSection
EndGlobal
